Microsoft Visual Studio Solution File, Format Version 12.00
# Visual Studio Version 17
VisualStudioVersion = 17.5.2.0
MinimumVisualStudioVersion = 10.0.40219.1
Project("{FAE04EC0-301F-11D3-BF4B-00C04F79EFBC}") = "sample-web-app", "sample-web-app.csproj", "{AD70DDDF-7B9C-44CE-1925-DDB474B1B521}"
EndProject
Global
	GlobalSection(SolutionConfigurationPlatforms) = preSolution
		Debug|Any CPU = Debug|Any CPU
		Release|Any CPU = Release|Any CPU
	EndGlobalSection
	GlobalSection(ProjectConfigurationPlatforms) = postSolution
		{AD70DDDF-7B9C-44CE-1925-DDB474B1B521}.Debug|Any CPU.ActiveCfg = Debug|Any CPU
		{AD70DDDF-7B9C-44CE-1925-DDB474B1B521}.Debug|Any CPU.Build.0 = Debug|Any CPU
		{AD70DDDF-7B9C-44CE-1925-DDB474B1B521}.Release|Any CPU.ActiveCfg = Release|Any CPU
		{AD70DDDF-7B9C-44CE-1925-DDB474B1B521}.Release|Any CPU.Build.0 = Release|Any CPU
	EndGlobalSection
	GlobalSection(SolutionProperties) = preSolution
		HideSolutionNode = FALSE
	EndGlobalSection
	GlobalSection(ExtensibilityGlobals) = postSolution
		SolutionGuid = {B886C9C1-8236-455B-8827-2F54708ED1BA}
	EndGlobalSection
EndGlobal
